
Microsoft Visual Studio Solution File, Format Version 12.00
# Visual Studio Version 17
VisualStudioVersion = 17.13.35825.156 d17.13
MinimumVisualStudioVersion = 10.0.40219.1
Project("{FAE04EC0-301F-11D3-BF4B-00C04F79EFBC}") = "SocialNetwork.Tests", "SocialNetwork.Tests.csproj", "{6EFE5999-15FD-4758-853E-3D1E3A9B3F57}"
EndProject
Global
	GlobalSection(SolutionConfigurationPlatforms) = preSolution
		Debug|Any CPU = Debug|Any CPU
		Release|Any CPU = Release|Any CPU
	EndGlobalSection
	GlobalSection(ProjectConfigurationPlatforms) = postSolution
		{6EFE5999-15FD-4758-853E-3D1E3A9B3F57}.Debug|Any CPU.ActiveCfg = Debug|Any CPU
		{6EFE5999-15FD-4758-853E-3D1E3A9B3F57}.Debug|Any CPU.Build.0 = Debug|Any CPU
		{6EFE5999-15FD-4758-853E-3D1E3A9B3F57}.Release|Any CPU.ActiveCfg = Release|Any CPU
		{6EFE5999-15FD-4758-853E-3D1E3A9B3F57}.Release|Any CPU.Build.0 = Release|Any CPU
	EndGlobalSection
	GlobalSection(SolutionProperties) = preSolution
		HideSolutionNode = FALSE
	EndGlobalSection
	GlobalSection(ExtensibilityGlobals) = postSolution
		SolutionGuid = {5A9AEDBF-0F55-40CA-BE54-7E9358BDD912}
	EndGlobalSection
EndGlobal
